<?xml version="1.0" encoding="utf-8"?>
<Project ToolsVersion="4.0" xmlns="http://schemas.microsoft.com/developer/msbuild/2003">
  <ItemGroup>
    <Filter Include="Source Files">
      <UniqueIdentifier>{4FC737F1-C7A5-4376-A066-2A32D752A2FF}</UniqueIdentifier>
      <Extensions>cpp;c;cc;cxx;def;odl;idl;hpj;bat;asm;asmx</Extensions>
    </Filter>
    <Filter Include="Header Files">
      <UniqueIdentifier>{93995380-89BD-4b04-88EB-625FBE52EBFB}</UniqueIdentifier>
      <Extensions>h;hh;hpp;hxx;hm;inl;inc;xsd</Extensions>
    </Filter>
    <Filter Include="Resource Files">
      <UniqueIdentifier>{67DA6AB6-F800-4c08-8B7A-83BB121AAD01}</UniqueIdentifier>
      <Extensions>rc;ico;cur;bmp;dlg;rc2;rct;bin;rgs;gif;jpg;jpeg;jpe;resx;tiff;tif;png;wav;mfcribbon-ms</Extensions>
    </Filter>
  </ItemGroup>
  <ItemGroup>
    <ClCompile Include="main_file.cpp">
      <Filter>Source Files</Filter>
    </ClCompile>
    <ClCompile Include="simulation\simulation.cpp">
      <Filter>Source Files</Filter>
    </ClCompile>
    <ClCompile Include="draw2D\draw2D.cpp">
      <Filter>Source Files</Filter>
    </ClCompile>
    <ClCompile Include="gamemodel.cpp">
      <Filter>Source Files</Filter>
    </ClCompile>
    <ClCompile Include="draw3D\draw3D.cpp">
      <Filter>Source Files</Filter>
    </ClCompile>
    <ClCompile Include="figures\cube.cpp">
      <Filter>Source Files</Filter>
    </ClCompile>
    <ClCompile Include="figures\detailed_cube.cpp">
      <Filter>Source Files</Filter>
    </ClCompile>
    <ClCompile Include="figures\model.cpp">
      <Filter>Source Files</Filter>
    </ClCompile>
    <ClCompile Include="figures\sphere.cpp">
      <Filter>Source Files</Filter>
    </ClCompile>
    <ClCompile Include="figures\teapot.cpp">
      <Filter>Source Files</Filter>
    </ClCompile>
  </ItemGroup>
  <ItemGroup>
    <None Include="packages.config" />
  </ItemGroup>
  <ItemGroup>
    <ClInclude Include="draw2D\draw2D.h">
      <Filter>Header Files</Filter>
    </ClInclude>
    <ClInclude Include="simulation\simulation.h">
      <Filter>Header Files</Filter>
    </ClInclude>
    <ClInclude Include="gamemodel.h">
      <Filter>Header Files</Filter>
    </ClInclude>
    <ClInclude Include="draw3D\draw3D.h">
      <Filter>Header Files</Filter>
    </ClInclude>
    <ClInclude Include="figures\allmodels.h">
      <Filter>Header Files</Filter>
    </ClInclude>
    <ClInclude Include="figures\cube.h">
      <Filter>Header Files</Filter>
    </ClInclude>
    <ClInclude Include="figures\detailed_cube.h">
      <Filter>Header Files</Filter>
    </ClInclude>
    <ClInclude Include="figures\model.h">
      <Filter>Header Files</Filter>
    </ClInclude>
    <ClInclude Include="figures\sphere.h">
      <Filter>Header Files</Filter>
    </ClInclude>
    <ClInclude Include="figures\teapot.h">
      <Filter>Header Files</Filter>
    </ClInclude>
    <ClInclude Include="piston.h">
      <Filter>Header Files</Filter>
    </ClInclude>
    <ClInclude Include="MyCube.h">
      <Filter>Header Files</Filter>
    </ClInclude>
  </ItemGroup>
</Project>